
Microsoft Visual Studio Solution File, Format Version 12.00
# Visual Studio Version 16
VisualStudioVersion = 16.0.29613.14
MinimumVisualStudioVersion = 10.0.40219.1
Project("{FAE04EC0-301F-11D3-BF4B-00C04F79EFBC}") = "ex_aula89", "ex_aula89\ex_aula89.csproj", "{0EFC466B-80CE-480D-B7D6-F7331BD12841}"
EndProject
Global
	GlobalSection(SolutionConfigurationPlatforms) = preSolution
		Debug|Any CPU = Debug|Any CPU
		Release|Any CPU = Release|Any CPU
	EndGlobalSection
	GlobalSection(ProjectConfigurationPlatforms) = postSolution
		{0EFC466B-80CE-480D-B7D6-F7331BD12841}.Debug|Any CPU.ActiveCfg = Debug|Any CPU
		{0EFC466B-80CE-480D-B7D6-F7331BD12841}.Debug|Any CPU.Build.0 = Debug|Any CPU
		{0EFC466B-80CE-480D-B7D6-F7331BD12841}.Release|Any CPU.ActiveCfg = Release|Any CPU
		{0EFC466B-80CE-480D-B7D6-F7331BD12841}.Release|Any CPU.Build.0 = Release|Any CPU
	EndGlobalSection
	GlobalSection(SolutionProperties) = preSolution
		HideSolutionNode = FALSE
	EndGlobalSection
	GlobalSection(ExtensibilityGlobals) = postSolution
		SolutionGuid = {A0931745-E47C-4A01-91DD-AD6072C65F5A}
	EndGlobalSection
EndGlobal
