
Microsoft Visual Studio Solution File, Format Version 12.00
# Visual Studio Version 16
VisualStudioVersion = 16.0.29613.14
MinimumVisualStudioVersion = 10.0.40219.1
Project("{FAE04EC0-301F-11D3-BF4B-00C04F79EFBC}") = "Exercicio_aula18", "Exercicio_aula18\Exercicio_aula18.csproj", "{E8C15ACC-1B60-4E11-8215-2F4CBB60E5E7}"
EndProject
Global
	GlobalSection(SolutionConfigurationPlatforms) = preSolution
		Debug|Any CPU = Debug|Any CPU
		Release|Any CPU = Release|Any CPU
	EndGlobalSection
	GlobalSection(ProjectConfigurationPlatforms) = postSolution
		{E8C15ACC-1B60-4E11-8215-2F4CBB60E5E7}.Debug|Any CPU.ActiveCfg = Debug|Any CPU
		{E8C15ACC-1B60-4E11-8215-2F4CBB60E5E7}.Debug|Any CPU.Build.0 = Debug|Any CPU
		{E8C15ACC-1B60-4E11-8215-2F4CBB60E5E7}.Release|Any CPU.ActiveCfg = Release|Any CPU
		{E8C15ACC-1B60-4E11-8215-2F4CBB60E5E7}.Release|Any CPU.Build.0 = Release|Any CPU
	EndGlobalSection
	GlobalSection(SolutionProperties) = preSolution
		HideSolutionNode = FALSE
	EndGlobalSection
	GlobalSection(ExtensibilityGlobals) = postSolution
		SolutionGuid = {F14245A5-D9A7-4231-B7FA-FCA40FF5B483}
	EndGlobalSection
EndGlobal
