
Microsoft Visual Studio Solution File, Format Version 12.00
# Visual Studio Version 16
VisualStudioVersion = 16.0.29613.14
MinimumVisualStudioVersion = 10.0.40219.1
Project("{FAE04EC0-301F-11D3-BF4B-00C04F79EFBC}") = "Ex_aula42", "Ex_aula42\Ex_aula42.csproj", "{9544CCC2-3D1B-411E-8B90-018F49F4D20D}"
EndProject
Global
	GlobalSection(SolutionConfigurationPlatforms) = preSolution
		Debug|Any CPU = Debug|Any CPU
		Release|Any CPU = Release|Any CPU
	EndGlobalSection
	GlobalSection(ProjectConfigurationPlatforms) = postSolution
		{9544CCC2-3D1B-411E-8B90-018F49F4D20D}.Debug|Any CPU.ActiveCfg = Debug|Any CPU
		{9544CCC2-3D1B-411E-8B90-018F49F4D20D}.Debug|Any CPU.Build.0 = Debug|Any CPU
		{9544CCC2-3D1B-411E-8B90-018F49F4D20D}.Release|Any CPU.ActiveCfg = Release|Any CPU
		{9544CCC2-3D1B-411E-8B90-018F49F4D20D}.Release|Any CPU.Build.0 = Release|Any CPU
	EndGlobalSection
	GlobalSection(SolutionProperties) = preSolution
		HideSolutionNode = FALSE
	EndGlobalSection
	GlobalSection(ExtensibilityGlobals) = postSolution
		SolutionGuid = {B0453884-10E8-40C3-B4E8-5E8EE78E7968}
	EndGlobalSection
EndGlobal
