
Microsoft Visual Studio Solution File, Format Version 12.00
# Visual Studio Version 16
VisualStudioVersion = 16.0.29613.14
MinimumVisualStudioVersion = 10.0.40219.1
Project("{FAE04EC0-301F-11D3-BF4B-00C04F79EFBC}") = "exercicio6", "exercicio6\exercicio6.csproj", "{1992AF13-790F-4223-8E1C-2AFEED210AFC}"
EndProject
Global
	GlobalSection(SolutionConfigurationPlatforms) = preSolution
		Debug|Any CPU = Debug|Any CPU
		Release|Any CPU = Release|Any CPU
	EndGlobalSection
	GlobalSection(ProjectConfigurationPlatforms) = postSolution
		{1992AF13-790F-4223-8E1C-2AFEED210AFC}.Debug|Any CPU.ActiveCfg = Debug|Any CPU
		{1992AF13-790F-4223-8E1C-2AFEED210AFC}.Debug|Any CPU.Build.0 = Debug|Any CPU
		{1992AF13-790F-4223-8E1C-2AFEED210AFC}.Release|Any CPU.ActiveCfg = Release|Any CPU
		{1992AF13-790F-4223-8E1C-2AFEED210AFC}.Release|Any CPU.Build.0 = Release|Any CPU
	EndGlobalSection
	GlobalSection(SolutionProperties) = preSolution
		HideSolutionNode = FALSE
	EndGlobalSection
	GlobalSection(ExtensibilityGlobals) = postSolution
		SolutionGuid = {37E799E1-D645-45FA-8E12-3E14CD95FB80}
	EndGlobalSection
EndGlobal
