
Microsoft Visual Studio Solution File, Format Version 12.00
# Visual Studio Version 16
VisualStudioVersion = 16.0.29613.14
MinimumVisualStudioVersion = 10.0.40219.1
Project("{FAE04EC0-301F-11D3-BF4B-00C04F79EFBC}") = "ex_aula121", "ex_aula121\ex_aula121.csproj", "{B8A847E5-8448-4FE4-AF6C-8217FC6108B9}"
EndProject
Global
	GlobalSection(SolutionConfigurationPlatforms) = preSolution
		Debug|Any CPU = Debug|Any CPU
		Release|Any CPU = Release|Any CPU
	EndGlobalSection
	GlobalSection(ProjectConfigurationPlatforms) = postSolution
		{B8A847E5-8448-4FE4-AF6C-8217FC6108B9}.Debug|Any CPU.ActiveCfg = Debug|Any CPU
		{B8A847E5-8448-4FE4-AF6C-8217FC6108B9}.Debug|Any CPU.Build.0 = Debug|Any CPU
		{B8A847E5-8448-4FE4-AF6C-8217FC6108B9}.Release|Any CPU.ActiveCfg = Release|Any CPU
		{B8A847E5-8448-4FE4-AF6C-8217FC6108B9}.Release|Any CPU.Build.0 = Release|Any CPU
	EndGlobalSection
	GlobalSection(SolutionProperties) = preSolution
		HideSolutionNode = FALSE
	EndGlobalSection
	GlobalSection(ExtensibilityGlobals) = postSolution
		SolutionGuid = {32E29AAC-1BD2-4AE0-A442-C1DCE9BA9D7E}
	EndGlobalSection
EndGlobal
