
Microsoft Visual Studio Solution File, Format Version 12.00
# Visual Studio Version 16
VisualStudioVersion = 16.0.29613.14
MinimumVisualStudioVersion = 10.0.40219.1
Project("{FAE04EC0-301F-11D3-BF4B-00C04F79EFBC}") = "ExercicioProposto", "ExercicioProposto\ExercicioProposto.csproj", "{9C2B95D8-2CF7-4D3A-AD7C-D712C2A3B3C7}"
EndProject
Global
	GlobalSection(SolutionConfigurationPlatforms) = preSolution
		Debug|Any CPU = Debug|Any CPU
		Release|Any CPU = Release|Any CPU
	EndGlobalSection
	GlobalSection(ProjectConfigurationPlatforms) = postSolution
		{9C2B95D8-2CF7-4D3A-AD7C-D712C2A3B3C7}.Debug|Any CPU.ActiveCfg = Debug|Any CPU
		{9C2B95D8-2CF7-4D3A-AD7C-D712C2A3B3C7}.Debug|Any CPU.Build.0 = Debug|Any CPU
		{9C2B95D8-2CF7-4D3A-AD7C-D712C2A3B3C7}.Release|Any CPU.ActiveCfg = Release|Any CPU
		{9C2B95D8-2CF7-4D3A-AD7C-D712C2A3B3C7}.Release|Any CPU.Build.0 = Release|Any CPU
	EndGlobalSection
	GlobalSection(SolutionProperties) = preSolution
		HideSolutionNode = FALSE
	EndGlobalSection
	GlobalSection(ExtensibilityGlobals) = postSolution
		SolutionGuid = {EE29EB75-8736-4F38-AA59-35BA94C0C475}
	EndGlobalSection
EndGlobal
