
Microsoft Visual Studio Solution File, Format Version 12.00
# Visual Studio Version 16
VisualStudioVersion = 16.0.29613.14
MinimumVisualStudioVersion = 10.0.40219.1
Project("{FAE04EC0-301F-11D3-BF4B-00C04F79EFBC}") = "exercicio6", "exercicio6\exercicio6.csproj", "{3C32314A-4A2E-4BD9-B31E-831F94DF80D7}"
EndProject
Global
	GlobalSection(SolutionConfigurationPlatforms) = preSolution
		Debug|Any CPU = Debug|Any CPU
		Release|Any CPU = Release|Any CPU
	EndGlobalSection
	GlobalSection(ProjectConfigurationPlatforms) = postSolution
		{3C32314A-4A2E-4BD9-B31E-831F94DF80D7}.Debug|Any CPU.ActiveCfg = Debug|Any CPU
		{3C32314A-4A2E-4BD9-B31E-831F94DF80D7}.Debug|Any CPU.Build.0 = Debug|Any CPU
		{3C32314A-4A2E-4BD9-B31E-831F94DF80D7}.Release|Any CPU.ActiveCfg = Release|Any CPU
		{3C32314A-4A2E-4BD9-B31E-831F94DF80D7}.Release|Any CPU.Build.0 = Release|Any CPU
	EndGlobalSection
	GlobalSection(SolutionProperties) = preSolution
		HideSolutionNode = FALSE
	EndGlobalSection
	GlobalSection(ExtensibilityGlobals) = postSolution
		SolutionGuid = {11701029-CCB4-44F8-86E3-69FF3CEAADCC}
	EndGlobalSection
EndGlobal
