
Microsoft Visual Studio Solution File, Format Version 12.00
# Visual Studio Version 16
VisualStudioVersion = 16.0.29613.14
MinimumVisualStudioVersion = 10.0.40219.1
Project("{FAE04EC0-301F-11D3-BF4B-00C04F79EFBC}") = "exercicio5", "exercicio5\exercicio5.csproj", "{81705F4B-5525-4B85-BABF-CCCE604905BC}"
EndProject
Global
	GlobalSection(SolutionConfigurationPlatforms) = preSolution
		Debug|Any CPU = Debug|Any CPU
		Release|Any CPU = Release|Any CPU
	EndGlobalSection
	GlobalSection(ProjectConfigurationPlatforms) = postSolution
		{81705F4B-5525-4B85-BABF-CCCE604905BC}.Debug|Any CPU.ActiveCfg = Debug|Any CPU
		{81705F4B-5525-4B85-BABF-CCCE604905BC}.Debug|Any CPU.Build.0 = Debug|Any CPU
		{81705F4B-5525-4B85-BABF-CCCE604905BC}.Release|Any CPU.ActiveCfg = Release|Any CPU
		{81705F4B-5525-4B85-BABF-CCCE604905BC}.Release|Any CPU.Build.0 = Release|Any CPU
	EndGlobalSection
	GlobalSection(SolutionProperties) = preSolution
		HideSolutionNode = FALSE
	EndGlobalSection
	GlobalSection(ExtensibilityGlobals) = postSolution
		SolutionGuid = {C20B3432-03BC-41FD-8478-53E6CE99FE78}
	EndGlobalSection
EndGlobal
