
Microsoft Visual Studio Solution File, Format Version 12.00
# Visual Studio Version 16
VisualStudioVersion = 16.0.29613.14
MinimumVisualStudioVersion = 10.0.40219.1
Project("{FAE04EC0-301F-11D3-BF4B-00C04F79EFBC}") = "Exercicio_aula21", "Exercicio_aula21\Exercicio_aula21.csproj", "{96CCC2FD-2988-4339-8B83-9C2ADBE172EC}"
EndProject
Global
	GlobalSection(SolutionConfigurationPlatforms) = preSolution
		Debug|Any CPU = Debug|Any CPU
		Release|Any CPU = Release|Any CPU
	EndGlobalSection
	GlobalSection(ProjectConfigurationPlatforms) = postSolution
		{96CCC2FD-2988-4339-8B83-9C2ADBE172EC}.Debug|Any CPU.ActiveCfg = Debug|Any CPU
		{96CCC2FD-2988-4339-8B83-9C2ADBE172EC}.Debug|Any CPU.Build.0 = Debug|Any CPU
		{96CCC2FD-2988-4339-8B83-9C2ADBE172EC}.Release|Any CPU.ActiveCfg = Release|Any CPU
		{96CCC2FD-2988-4339-8B83-9C2ADBE172EC}.Release|Any CPU.Build.0 = Release|Any CPU
	EndGlobalSection
	GlobalSection(SolutionProperties) = preSolution
		HideSolutionNode = FALSE
	EndGlobalSection
	GlobalSection(ExtensibilityGlobals) = postSolution
		SolutionGuid = {619A70BA-930F-4235-A660-73ADC6C2EFBD}
	EndGlobalSection
EndGlobal
