
Microsoft Visual Studio Solution File, Format Version 12.00
# Visual Studio Version 16
VisualStudioVersion = 16.0.29613.14
MinimumVisualStudioVersion = 10.0.40219.1
Project("{FAE04EC0-301F-11D3-BF4B-00C04F79EFBC}") = "ex_aula125", "ex_aula125\ex_aula125.csproj", "{872701EA-7C18-4C33-A9FB-4D30A3FF1F09}"
EndProject
Global
	GlobalSection(SolutionConfigurationPlatforms) = preSolution
		Debug|Any CPU = Debug|Any CPU
		Release|Any CPU = Release|Any CPU
	EndGlobalSection
	GlobalSection(ProjectConfigurationPlatforms) = postSolution
		{872701EA-7C18-4C33-A9FB-4D30A3FF1F09}.Debug|Any CPU.ActiveCfg = Debug|Any CPU
		{872701EA-7C18-4C33-A9FB-4D30A3FF1F09}.Debug|Any CPU.Build.0 = Debug|Any CPU
		{872701EA-7C18-4C33-A9FB-4D30A3FF1F09}.Release|Any CPU.ActiveCfg = Release|Any CPU
		{872701EA-7C18-4C33-A9FB-4D30A3FF1F09}.Release|Any CPU.Build.0 = Release|Any CPU
	EndGlobalSection
	GlobalSection(SolutionProperties) = preSolution
		HideSolutionNode = FALSE
	EndGlobalSection
	GlobalSection(ExtensibilityGlobals) = postSolution
		SolutionGuid = {73BD9187-B349-4E90-852F-C12765B80BD4}
	EndGlobalSection
EndGlobal
