
Microsoft Visual Studio Solution File, Format Version 12.00
# Visual Studio Version 16
VisualStudioVersion = 16.0.29613.14
MinimumVisualStudioVersion = 10.0.40219.1
Project("{FAE04EC0-301F-11D3-BF4B-00C04F79EFBC}") = "exercicio3", "exercicio3\exercicio3.csproj", "{32C65DD3-B40E-44CA-95D0-DB2614BA135E}"
EndProject
Global
	GlobalSection(SolutionConfigurationPlatforms) = preSolution
		Debug|Any CPU = Debug|Any CPU
		Release|Any CPU = Release|Any CPU
	EndGlobalSection
	GlobalSection(ProjectConfigurationPlatforms) = postSolution
		{32C65DD3-B40E-44CA-95D0-DB2614BA135E}.Debug|Any CPU.ActiveCfg = Debug|Any CPU
		{32C65DD3-B40E-44CA-95D0-DB2614BA135E}.Debug|Any CPU.Build.0 = Debug|Any CPU
		{32C65DD3-B40E-44CA-95D0-DB2614BA135E}.Release|Any CPU.ActiveCfg = Release|Any CPU
		{32C65DD3-B40E-44CA-95D0-DB2614BA135E}.Release|Any CPU.Build.0 = Release|Any CPU
	EndGlobalSection
	GlobalSection(SolutionProperties) = preSolution
		HideSolutionNode = FALSE
	EndGlobalSection
	GlobalSection(ExtensibilityGlobals) = postSolution
		SolutionGuid = {AF1A6ECB-7306-468C-8638-46DA442030CD}
	EndGlobalSection
EndGlobal
