
Microsoft Visual Studio Solution File, Format Version 12.00
# Visual Studio Version 16
VisualStudioVersion = 16.0.29613.14
MinimumVisualStudioVersion = 10.0.40219.1
Project("{FAE04EC0-301F-11D3-BF4B-00C04F79EFBC}") = "ex_aula80", "ex_aula80\ex_aula80.csproj", "{A5ED382C-7A6A-48F2-81FA-7A385D132B99}"
EndProject
Global
	GlobalSection(SolutionConfigurationPlatforms) = preSolution
		Debug|Any CPU = Debug|Any CPU
		Release|Any CPU = Release|Any CPU
	EndGlobalSection
	GlobalSection(ProjectConfigurationPlatforms) = postSolution
		{A5ED382C-7A6A-48F2-81FA-7A385D132B99}.Debug|Any CPU.ActiveCfg = Debug|Any CPU
		{A5ED382C-7A6A-48F2-81FA-7A385D132B99}.Debug|Any CPU.Build.0 = Debug|Any CPU
		{A5ED382C-7A6A-48F2-81FA-7A385D132B99}.Release|Any CPU.ActiveCfg = Release|Any CPU
		{A5ED382C-7A6A-48F2-81FA-7A385D132B99}.Release|Any CPU.Build.0 = Release|Any CPU
	EndGlobalSection
	GlobalSection(SolutionProperties) = preSolution
		HideSolutionNode = FALSE
	EndGlobalSection
	GlobalSection(ExtensibilityGlobals) = postSolution
		SolutionGuid = {79EADB18-3561-4BE2-ADD6-4B09D538F68E}
	EndGlobalSection
EndGlobal
